
Microsoft Visual Studio Solution File, Format Version 12.00
# Visual Studio Version 16
VisualStudioVersion = 16.0.31424.327
MinimumVisualStudioVersion = 10.0.40219.1
Project("{FAE04EC0-301F-11D3-BF4B-00C04F79EFBC}") = "DataTransfer", "DataTransfer.csproj", "{B81263D7-CC7F-4D39-93D3-3ED2509C8357}"
EndProject
Global
	GlobalSection(SolutionConfigurationPlatforms) = preSolution
		Debug|Any CPU = Debug|Any CPU
		Release|Any CPU = Release|Any CPU
	EndGlobalSection
	GlobalSection(ProjectConfigurationPlatforms) = postSolution
		{B81263D7-CC7F-4D39-93D3-3ED2509C8357}.Debug|Any CPU.ActiveCfg = Debug|Any CPU
		{B81263D7-CC7F-4D39-93D3-3ED2509C8357}.Debug|Any CPU.Build.0 = Debug|Any CPU
		{B81263D7-CC7F-4D39-93D3-3ED2509C8357}.Release|Any CPU.ActiveCfg = Release|Any CPU
		{B81263D7-CC7F-4D39-93D3-3ED2509C8357}.Release|Any CPU.Build.0 = Release|Any CPU
	EndGlobalSection
	GlobalSection(SolutionProperties) = preSolution
		HideSolutionNode = FALSE
	EndGlobalSection
	GlobalSection(ExtensibilityGlobals) = postSolution
		SolutionGuid = {18672632-DEF1-46A9-967D-1DD23A1A8390}
	EndGlobalSection
EndGlobal
